
Microsoft Visual Studio Solution File, Format Version 12.00
# Visual Studio Version 17
VisualStudioVersion = 17.7.34202.233
MinimumVisualStudioVersion = 10.0.40219.1
Project("{9A19103F-16F7-4668-BE54-9A1E7A4F7556}") = "WpfApp", "WpfApp\WpfApp.csproj", "{753B448F-2C99-4D01-B63C-BF259A46B15B}"
EndProject
Project("{8BC9CEB8-8B4A-11D0-8D11-00A0C91BC942}") = "ServerCore", "ServerCore\ServerCore.vcxproj", "{842CAB85-6742-434E-A9B9-89F4102184FF}"
EndProject
Project("{8BC9CEB8-8B4A-11D0-8D11-00A0C91BC942}") = "WpfServer", "WpfServer\WpfServer.vcxproj", "{1FAE3175-3E4F-4740-A80D-C64DBD24C1DC}"
EndProject
Project("{8BC9CEB8-8B4A-11D0-8D11-00A0C91BC942}") = "Client", "Client\Client.vcxproj", "{91A3BFB7-FD9D-42AF-B82C-2AF17DC9B23A}"
EndProject
Global
	GlobalSection(SolutionConfigurationPlatforms) = preSolution
		Debug|Any CPU = Debug|Any CPU
		Debug|x64 = Debug|x64
		Debug|x86 = Debug|x86
		Release|Any CPU = Release|Any CPU
		Release|x64 = Release|x64
		Release|x86 = Release|x86
	EndGlobalSection
	GlobalSection(ProjectConfigurationPlatforms) = postSolution
		{753B448F-2C99-4D01-B63C-BF259A46B15B}.Debug|Any CPU.ActiveCfg = Debug|Any CPU
		{753B448F-2C99-4D01-B63C-BF259A46B15B}.Debug|Any CPU.Build.0 = Debug|Any CPU
		{753B448F-2C99-4D01-B63C-BF259A46B15B}.Debug|x64.ActiveCfg = Debug|Any CPU
		{753B448F-2C99-4D01-B63C-BF259A46B15B}.Debug|x64.Build.0 = Debug|Any CPU
		{753B448F-2C99-4D01-B63C-BF259A46B15B}.Debug|x86.ActiveCfg = Debug|Any CPU
		{753B448F-2C99-4D01-B63C-BF259A46B15B}.Debug|x86.Build.0 = Debug|Any CPU
		{753B448F-2C99-4D01-B63C-BF259A46B15B}.Release|Any CPU.ActiveCfg = Release|Any CPU
		{753B448F-2C99-4D01-B63C-BF259A46B15B}.Release|Any CPU.Build.0 = Release|Any CPU
		{753B448F-2C99-4D01-B63C-BF259A46B15B}.Release|x64.ActiveCfg = Release|Any CPU
		{753B448F-2C99-4D01-B63C-BF259A46B15B}.Release|x64.Build.0 = Release|Any CPU
		{753B448F-2C99-4D01-B63C-BF259A46B15B}.Release|x86.ActiveCfg = Release|Any CPU
		{753B448F-2C99-4D01-B63C-BF259A46B15B}.Release|x86.Build.0 = Release|Any CPU
		{842CAB85-6742-434E-A9B9-89F4102184FF}.Debug|Any CPU.ActiveCfg = Debug|x64
		{842CAB85-6742-434E-A9B9-89F4102184FF}.Debug|Any CPU.Build.0 = Debug|x64
		{842CAB85-6742-434E-A9B9-89F4102184FF}.Debug|x64.ActiveCfg = Debug|x64
		{842CAB85-6742-434E-A9B9-89F4102184FF}.Debug|x64.Build.0 = Debug|x64
		{842CAB85-6742-434E-A9B9-89F4102184FF}.Debug|x86.ActiveCfg = Debug|Win32
		{842CAB85-6742-434E-A9B9-89F4102184FF}.Debug|x86.Build.0 = Debug|Win32
		{842CAB85-6742-434E-A9B9-89F4102184FF}.Release|Any CPU.ActiveCfg = Release|x64
		{842CAB85-6742-434E-A9B9-89F4102184FF}.Release|Any CPU.Build.0 = Release|x64
		{842CAB85-6742-434E-A9B9-89F4102184FF}.Release|x64.ActiveCfg = Release|x64
		{842CAB85-6742-434E-A9B9-89F4102184FF}.Release|x64.Build.0 = Release|x64
		{842CAB85-6742-434E-A9B9-89F4102184FF}.Release|x86.ActiveCfg = Release|Win32
		{842CAB85-6742-434E-A9B9-89F4102184FF}.Release|x86.Build.0 = Release|Win32
		{1FAE3175-3E4F-4740-A80D-C64DBD24C1DC}.Debug|Any CPU.ActiveCfg = Debug|x64
		{1FAE3175-3E4F-4740-A80D-C64DBD24C1DC}.Debug|Any CPU.Build.0 = Debug|x64
		{1FAE3175-3E4F-4740-A80D-C64DBD24C1DC}.Debug|x64.ActiveCfg = Debug|x64
		{1FAE3175-3E4F-4740-A80D-C64DBD24C1DC}.Debug|x64.Build.0 = Debug|x64
		{1FAE3175-3E4F-4740-A80D-C64DBD24C1DC}.Debug|x86.ActiveCfg = Debug|Win32
		{1FAE3175-3E4F-4740-A80D-C64DBD24C1DC}.Debug|x86.Build.0 = Debug|Win32
		{1FAE3175-3E4F-4740-A80D-C64DBD24C1DC}.Release|Any CPU.ActiveCfg = Release|x64
		{1FAE3175-3E4F-4740-A80D-C64DBD24C1DC}.Release|Any CPU.Build.0 = Release|x64
		{1FAE3175-3E4F-4740-A80D-C64DBD24C1DC}.Release|x64.ActiveCfg = Release|x64
		{1FAE3175-3E4F-4740-A80D-C64DBD24C1DC}.Release|x64.Build.0 = Release|x64
		{1FAE3175-3E4F-4740-A80D-C64DBD24C1DC}.Release|x86.ActiveCfg = Release|Win32
		{1FAE3175-3E4F-4740-A80D-C64DBD24C1DC}.Release|x86.Build.0 = Release|Win32
		{91A3BFB7-FD9D-42AF-B82C-2AF17DC9B23A}.Debug|Any CPU.ActiveCfg = Debug|x64
		{91A3BFB7-FD9D-42AF-B82C-2AF17DC9B23A}.Debug|Any CPU.Build.0 = Debug|x64
		{91A3BFB7-FD9D-42AF-B82C-2AF17DC9B23A}.Debug|x64.ActiveCfg = Debug|x64
		{91A3BFB7-FD9D-42AF-B82C-2AF17DC9B23A}.Debug|x64.Build.0 = Debug|x64
		{91A3BFB7-FD9D-42AF-B82C-2AF17DC9B23A}.Debug|x86.ActiveCfg = Debug|Win32
		{91A3BFB7-FD9D-42AF-B82C-2AF17DC9B23A}.Debug|x86.Build.0 = Debug|Win32
		{91A3BFB7-FD9D-42AF-B82C-2AF17DC9B23A}.Release|Any CPU.ActiveCfg = Release|x64
		{91A3BFB7-FD9D-42AF-B82C-2AF17DC9B23A}.Release|Any CPU.Build.0 = Release|x64
		{91A3BFB7-FD9D-42AF-B82C-2AF17DC9B23A}.Release|x64.ActiveCfg = Release|x64
		{91A3BFB7-FD9D-42AF-B82C-2AF17DC9B23A}.Release|x64.Build.0 = Release|x64
		{91A3BFB7-FD9D-42AF-B82C-2AF17DC9B23A}.Release|x86.ActiveCfg = Release|Win32
		{91A3BFB7-FD9D-42AF-B82C-2AF17DC9B23A}.Release|x86.Build.0 = Release|Win32
	EndGlobalSection
	GlobalSection(SolutionProperties) = preSolution
		HideSolutionNode = FALSE
	EndGlobalSection
	GlobalSection(ExtensibilityGlobals) = postSolution
		SolutionGuid = {72B96DDF-2BBC-40D7-9AD4-AD7FB5ABDB8F}
	EndGlobalSection
EndGlobal
